
Microsoft Visual Studio Solution File, Format Version 12.00
# Visual Studio Version 17
VisualStudioVersion = 17.3.32922.545
MinimumVisualStudioVersion = 10.0.40219.1
Project("{9A19103F-16F7-4668-BE54-9A1E7A4F7556}") = "BlazorCrud.WEB", "BlazorCrud.WEB\BlazorCrud.WEB.csproj", "{957AFB1B-3AEA-47BB-A27B-79446D728131}"
EndProject
Project("{9A19103F-16F7-4668-BE54-9A1E7A4F7556}") = "BlazorCrud.API", "BlazorCrud.API\BlazorCrud.API.csproj", "{ABC727F7-31D7-492C-9C28-AF88942639F1}"
EndProject
Project("{9A19103F-16F7-4668-BE54-9A1E7A4F7556}") = "BlazorCrud.Models", "BlazorCrud.Models\BlazorCrud.Models.csproj", "{D2B1517C-36B1-4022-95F7-2C425448F4A8}"
EndProject
Global
	GlobalSection(SolutionConfigurationPlatforms) = preSolution
		Debug|Any CPU = Debug|Any CPU
		Release|Any CPU = Release|Any CPU
	EndGlobalSection
	GlobalSection(ProjectConfigurationPlatforms) = postSolution
		{957AFB1B-3AEA-47BB-A27B-79446D728131}.Debug|Any CPU.ActiveCfg = Debug|Any CPU
		{957AFB1B-3AEA-47BB-A27B-79446D728131}.Debug|Any CPU.Build.0 = Debug|Any CPU
		{957AFB1B-3AEA-47BB-A27B-79446D728131}.Release|Any CPU.ActiveCfg = Release|Any CPU
		{957AFB1B-3AEA-47BB-A27B-79446D728131}.Release|Any CPU.Build.0 = Release|Any CPU
		{ABC727F7-31D7-492C-9C28-AF88942639F1}.Debug|Any CPU.ActiveCfg = Debug|Any CPU
		{ABC727F7-31D7-492C-9C28-AF88942639F1}.Debug|Any CPU.Build.0 = Debug|Any CPU
		{ABC727F7-31D7-492C-9C28-AF88942639F1}.Release|Any CPU.ActiveCfg = Release|Any CPU
		{ABC727F7-31D7-492C-9C28-AF88942639F1}.Release|Any CPU.Build.0 = Release|Any CPU
		{D2B1517C-36B1-4022-95F7-2C425448F4A8}.Debug|Any CPU.ActiveCfg = Debug|Any CPU
		{D2B1517C-36B1-4022-95F7-2C425448F4A8}.Debug|Any CPU.Build.0 = Debug|Any CPU
		{D2B1517C-36B1-4022-95F7-2C425448F4A8}.Release|Any CPU.ActiveCfg = Release|Any CPU
		{D2B1517C-36B1-4022-95F7-2C425448F4A8}.Release|Any CPU.Build.0 = Release|Any CPU
	EndGlobalSection
	GlobalSection(SolutionProperties) = preSolution
		HideSolutionNode = FALSE
	EndGlobalSection
	GlobalSection(ExtensibilityGlobals) = postSolution
		SolutionGuid = {AE6FC69D-FF41-4F39-B649-8EFDBA64DC67}
	EndGlobalSection
EndGlobal
